
Microsoft Visual Studio Solution File, Format Version 11.00
# Visual C++ Express 2010
Project("{8BC9CEB8-8B4A-11D0-8D11-00A0C91BC942}") = "Solitaire", "Solitaire\Solitaire.vcxproj", "{FDD2F91E-186C-4CAF-AEE2-119BF67E6922}"
EndProject
Global
	GlobalSection(SolutionConfigurationPlatforms) = preSolution
		Debug|Win32 = Debug|Win32
		Release|Win32 = Release|Win32
	EndGlobalSection
	GlobalSection(ProjectConfigurationPlatforms) = postSolution
		{FDD2F91E-186C-4CAF-AEE2-119BF67E6922}.Debug|Win32.ActiveCfg = Debug|Win32
		{FDD2F91E-186C-4CAF-AEE2-119BF67E6922}.Debug|Win32.Build.0 = Debug|Win32
		{FDD2F91E-186C-4CAF-AEE2-119BF67E6922}.Release|Win32.ActiveCfg = Release|Win32
		{FDD2F91E-186C-4CAF-AEE2-119BF67E6922}.Release|Win32.Build.0 = Release|Win32
	EndGlobalSection
	GlobalSection(SolutionProperties) = preSolution
		HideSolutionNode = FALSE
	EndGlobalSection
EndGlobal
